{
  "nodes": {
    "nixpkgs": {
      "locked": {
        "lastModified": 1783737674,
        "narHash": "sha256-z+JefZWYpRuRLppv83ra3ytmqEinPxjIuLF3PK9TPfk=",
        "owner": "nixos",
        "repo": "nixpkgs",
        "rev": "75ba6155c8e1f033d095623276fd1671528041ab",
        "type": "github"
      },
      "original": {
        "owner": "nixos",
        "repo": "nixpkgs",
        "type": "github"
      }
    },
    "root": {
      "inputs": {
        "nixpkgs": "nixpkgs"
      }
    }
  },
  "root": "root",
  "version": 7
}
